
Microsoft Visual Studio Solution File, Format Version 12.00
# Visual Studio 14
VisualStudioVersion = 14.0.25420.1
MinimumVisualStudioVersion = 10.0.40219.1
Project("{FAE04EC0-301F-11D3-BF4B-00C04F79EFBC}") = "EssentialTools", "EssentialTools\EssentialTools.csproj", "{205431EF-72B8-4533-8C81-ADEC36084E5E}"
EndProject
Project("{FAE04EC0-301F-11D3-BF4B-00C04F79EFBC}") = "EssentialTools.Tests", "EssentialTools.Tests\EssentialTools.Tests.csproj", "{219233BE-BDD1-423B-BA32-FB0FDD0D96AD}"
EndProject
Global
	GlobalSection(SolutionConfigurationPlatforms) = preSolution
		Debug|Any CPU = Debug|Any CPU
		Release|Any CPU = Release|Any CPU
	EndGlobalSection
	GlobalSection(ProjectConfigurationPlatforms) = postSolution
		{205431EF-72B8-4533-8C81-ADEC36084E5E}.Debug|Any CPU.ActiveCfg = Debug|Any CPU
		{205431EF-72B8-4533-8C81-ADEC36084E5E}.Debug|Any CPU.Build.0 = Debug|Any CPU
		{205431EF-72B8-4533-8C81-ADEC36084E5E}.Release|Any CPU.ActiveCfg = Release|Any CPU
		{205431EF-72B8-4533-8C81-ADEC36084E5E}.Release|Any CPU.Build.0 = Release|Any CPU
		{219233BE-BDD1-423B-BA32-FB0FDD0D96AD}.Debug|Any CPU.ActiveCfg = Debug|Any CPU
		{219233BE-BDD1-423B-BA32-FB0FDD0D96AD}.Debug|Any CPU.Build.0 = Debug|Any CPU
		{219233BE-BDD1-423B-BA32-FB0FDD0D96AD}.Release|Any CPU.ActiveCfg = Release|Any CPU
		{219233BE-BDD1-423B-BA32-FB0FDD0D96AD}.Release|Any CPU.Build.0 = Release|Any CPU
	EndGlobalSection
	GlobalSection(SolutionProperties) = preSolution
		HideSolutionNode = FALSE
	EndGlobalSection
EndGlobal
