
Microsoft Visual Studio Solution File, Format Version 12.00
# Visual Studio 2013
VisualStudioVersion = 12.0.31101.0
MinimumVisualStudioVersion = 10.0.40219.1
Project("{FAE04EC0-301F-11D3-BF4B-00C04F79EFBC}") = "SportsStore.WebUI", "SportsStore.WebUI\SportsStore.WebUI.csproj", "{6A8108D3-8A11-487B-813B-7FACDF478F61}"
EndProject
Project("{FAE04EC0-301F-11D3-BF4B-00C04F79EFBC}") = "SportsStore.Domain", "SportsStore.Domain\SportsStore.Domain.csproj", "{AEDBD608-A61E-47DC-9F3B-BEDDF34D683B}"
EndProject
Project("{FAE04EC0-301F-11D3-BF4B-00C04F79EFBC}") = "SportsStore.UnitTests", "SportsStore.UnitTests\SportsStore.UnitTests.csproj", "{9B95D9E8-EC5B-490D-BFB2-37BF07714C3C}"
EndProject
Global
	GlobalSection(SolutionConfigurationPlatforms) = preSolution
		Debug|Any CPU = Debug|Any CPU
		Release|Any CPU = Release|Any CPU
	EndGlobalSection
	GlobalSection(ProjectConfigurationPlatforms) = postSolution
		{6A8108D3-8A11-487B-813B-7FACDF478F61}.Debug|Any CPU.ActiveCfg = Debug|Any CPU
		{6A8108D3-8A11-487B-813B-7FACDF478F61}.Debug|Any CPU.Build.0 = Debug|Any CPU
		{6A8108D3-8A11-487B-813B-7FACDF478F61}.Release|Any CPU.ActiveCfg = Release|Any CPU
		{6A8108D3-8A11-487B-813B-7FACDF478F61}.Release|Any CPU.Build.0 = Release|Any CPU
		{AEDBD608-A61E-47DC-9F3B-BEDDF34D683B}.Debug|Any CPU.ActiveCfg = Debug|Any CPU
		{AEDBD608-A61E-47DC-9F3B-BEDDF34D683B}.Debug|Any CPU.Build.0 = Debug|Any CPU
		{AEDBD608-A61E-47DC-9F3B-BEDDF34D683B}.Release|Any CPU.ActiveCfg = Release|Any CPU
		{AEDBD608-A61E-47DC-9F3B-BEDDF34D683B}.Release|Any CPU.Build.0 = Release|Any CPU
		{9B95D9E8-EC5B-490D-BFB2-37BF07714C3C}.Debug|Any CPU.ActiveCfg = Debug|Any CPU
		{9B95D9E8-EC5B-490D-BFB2-37BF07714C3C}.Debug|Any CPU.Build.0 = Debug|Any CPU
		{9B95D9E8-EC5B-490D-BFB2-37BF07714C3C}.Release|Any CPU.ActiveCfg = Release|Any CPU
		{9B95D9E8-EC5B-490D-BFB2-37BF07714C3C}.Release|Any CPU.Build.0 = Release|Any CPU
	EndGlobalSection
	GlobalSection(SolutionProperties) = preSolution
		HideSolutionNode = FALSE
	EndGlobalSection
EndGlobal
